
Microsoft Visual Studio Solution File, Format Version 12.00
# Visual Studio Version 17
VisualStudioVersion = 17.9.34321.82
MinimumVisualStudioVersion = 10.0.40219.1
Project("{9A19103F-16F7-4668-BE54-9A1E7A4F7556}") = "ResourceInSight", "ResourceInSight\ResourceInSight.csproj", "{06299D88-F109-415E-AAEB-C3EA511C2BE5}"
EndProject
Project("{2150E333-8FDC-42A3-9474-1A3956D46DE8}") = "Solution Items", "Solution Items", "{BC44DE0F-BAB6-443E-91D8-EB94E736A1F7}"
	ProjectSection(SolutionItems) = preProject
		.editorconfig = .editorconfig
	EndProjectSection
EndProject
Global
	GlobalSection(SolutionConfigurationPlatforms) = preSolution
		Debug|Any CPU = Debug|Any CPU
		Release|Any CPU = Release|Any CPU
	EndGlobalSection
	GlobalSection(ProjectConfigurationPlatforms) = postSolution
		{06299D88-F109-415E-AAEB-C3EA511C2BE5}.Debug|Any CPU.ActiveCfg = Debug|Any CPU
		{06299D88-F109-415E-AAEB-C3EA511C2BE5}.Debug|Any CPU.Build.0 = Debug|Any CPU
		{06299D88-F109-415E-AAEB-C3EA511C2BE5}.Release|Any CPU.ActiveCfg = Release|Any CPU
		{06299D88-F109-415E-AAEB-C3EA511C2BE5}.Release|Any CPU.Build.0 = Release|Any CPU
	EndGlobalSection
	GlobalSection(SolutionProperties) = preSolution
		HideSolutionNode = FALSE
	EndGlobalSection
	GlobalSection(ExtensibilityGlobals) = postSolution
		SolutionGuid = {3B43E63A-C26A-45EB-B65D-4B4F2AEC4D15}
	EndGlobalSection
EndGlobal
